
Microsoft Visual Studio Solution File, Format Version 12.00
# Visual Studio Version 17
VisualStudioVersion = 17.4.33110.190
MinimumVisualStudioVersion = 10.0.40219.1
Project("{2150E333-8FDC-42A3-9474-1A3956D46DE8}") = "Badminton", "Badminton", "{C5D10B50-635A-4148-A888-505AE575030D}"
EndProject
Project("{FAE04EC0-301F-11D3-BF4B-00C04F79EFBC}") = "Badminton.Core", "Badminton.Core\Badminton.Core.csproj", "{9F677EA0-C709-43CD-8271-2BA513F5D731}"
EndProject
Project("{FAE04EC0-301F-11D3-BF4B-00C04F79EFBC}") = "Badminton.Test", "Badminton.Test\Badminton.Test.csproj", "{C18716C3-AA12-4744-AE7E-6C17EADEE0C9}"
EndProject
Project("{FAE04EC0-301F-11D3-BF4B-00C04F79EFBC}") = "Badminton.Api", "Badminton.Api\Badminton.Api.csproj", "{07E1A36B-5E60-401F-BEAC-01E9376963FB}"
EndProject
Global
	GlobalSection(SolutionConfigurationPlatforms) = preSolution
		Debug|Any CPU = Debug|Any CPU
		Release|Any CPU = Release|Any CPU
	EndGlobalSection
	GlobalSection(ProjectConfigurationPlatforms) = postSolution
		{9F677EA0-C709-43CD-8271-2BA513F5D731}.Debug|Any CPU.ActiveCfg = Debug|Any CPU
		{9F677EA0-C709-43CD-8271-2BA513F5D731}.Debug|Any CPU.Build.0 = Debug|Any CPU
		{9F677EA0-C709-43CD-8271-2BA513F5D731}.Release|Any CPU.ActiveCfg = Release|Any CPU
		{9F677EA0-C709-43CD-8271-2BA513F5D731}.Release|Any CPU.Build.0 = Release|Any CPU
		{C18716C3-AA12-4744-AE7E-6C17EADEE0C9}.Debug|Any CPU.ActiveCfg = Debug|Any CPU
		{C18716C3-AA12-4744-AE7E-6C17EADEE0C9}.Debug|Any CPU.Build.0 = Debug|Any CPU
		{C18716C3-AA12-4744-AE7E-6C17EADEE0C9}.Release|Any CPU.ActiveCfg = Release|Any CPU
		{C18716C3-AA12-4744-AE7E-6C17EADEE0C9}.Release|Any CPU.Build.0 = Release|Any CPU
		{07E1A36B-5E60-401F-BEAC-01E9376963FB}.Debug|Any CPU.ActiveCfg = Debug|Any CPU
		{07E1A36B-5E60-401F-BEAC-01E9376963FB}.Debug|Any CPU.Build.0 = Debug|Any CPU
		{07E1A36B-5E60-401F-BEAC-01E9376963FB}.Release|Any CPU.ActiveCfg = Release|Any CPU
		{07E1A36B-5E60-401F-BEAC-01E9376963FB}.Release|Any CPU.Build.0 = Release|Any CPU
	EndGlobalSection
	GlobalSection(SolutionProperties) = preSolution
		HideSolutionNode = FALSE
	EndGlobalSection
	GlobalSection(NestedProjects) = preSolution
		{9F677EA0-C709-43CD-8271-2BA513F5D731} = {C5D10B50-635A-4148-A888-505AE575030D}
		{C18716C3-AA12-4744-AE7E-6C17EADEE0C9} = {C5D10B50-635A-4148-A888-505AE575030D}
		{07E1A36B-5E60-401F-BEAC-01E9376963FB} = {C5D10B50-635A-4148-A888-505AE575030D}
	EndGlobalSection
	GlobalSection(ExtensibilityGlobals) = postSolution
		SolutionGuid = {8F122953-B87D-4F7D-96BD-2F9CE1B50DA7}
	EndGlobalSection
EndGlobal
